
Microsoft Visual Studio Solution File, Format Version 12.00
# Visual Studio 15
VisualStudioVersion = 15.0.28307.168
MinimumVisualStudioVersion = 10.0.40219.1
Project("{FAE04EC0-301F-11D3-BF4B-00C04F79EFBC}") = "ConsoleConsumptionTaxCalculator", "ConsoleConsumptionTaxCalculator\ConsoleConsumptionTaxCalculator.csproj", "{56CFFA4A-7F4B-454A-B0D2-13260720DBFE}"
EndProject
Global
	GlobalSection(SolutionConfigurationPlatforms) = preSolution
		Debug|Any CPU = Debug|Any CPU
		Release|Any CPU = Release|Any CPU
	EndGlobalSection
	GlobalSection(ProjectConfigurationPlatforms) = postSolution
		{56CFFA4A-7F4B-454A-B0D2-13260720DBFE}.Debug|Any CPU.ActiveCfg = Debug|Any CPU
		{56CFFA4A-7F4B-454A-B0D2-13260720DBFE}.Debug|Any CPU.Build.0 = Debug|Any CPU
		{56CFFA4A-7F4B-454A-B0D2-13260720DBFE}.Release|Any CPU.ActiveCfg = Release|Any CPU
		{56CFFA4A-7F4B-454A-B0D2-13260720DBFE}.Release|Any CPU.Build.0 = Release|Any CPU
	EndGlobalSection
	GlobalSection(SolutionProperties) = preSolution
		HideSolutionNode = FALSE
	EndGlobalSection
	GlobalSection(ExtensibilityGlobals) = postSolution
		SolutionGuid = {4D5F56A0-FE1C-4232-A12D-EB0777C75A93}
	EndGlobalSection
EndGlobal
